{
  "version": 4,
  "terraform_version": "1.5.5",
  "serial": 102,
  "lineage": "39f0c2e8-cb2b-57f5-fccc-a2332b53101f",
  "outputs": {
    "root_password": {
      "value": "737]]w(K58B(?Td)",
      "type": "string",
      "sensitive": true
    },
    "vm_name": {
      "value": "vm-srv001-p-24bf",
      "type": "string"
    }
  },
  "resources": [
    {
      "mode": "managed",
      "type": "google_compute_instance",
      "name": "vm_instance",
      "provider": "provider[\"registry.terraform.io/hashicorp/google\"]",
      "instances": [
        {
          "status": "tainted",
          "schema_version": 6,
          "attributes": {
            "advanced_machine_features": [],
            "allow_stopping_for_update": null,
            "attached_disk": [],
            "boot_disk": [
              {
                "auto_delete": true,
                "device_name": "persistent-disk-0",
                "disk_encryption_key_raw": "",
                "disk_encryption_key_sha256": "",
                "initialize_params": [
                  {
                    "image": "https://www.googleapis.com/compute/v1/projects/ubuntu-os-cloud/global/images/ubuntu-2004-focal-v20230817",
                    "labels": {},
                    "resource_manager_tags": null,
                    "size": 10,
                    "type": "pd-standard"
                  }
                ],
                "kms_key_self_link": "",
                "mode": "READ_WRITE",
                "source": "https://www.googleapis.com/compute/v1/projects/dm-convert/zones/us-east1-b/disks/vm-srv001-p-24bf"
              }
            ],
            "can_ip_forward": false,
            "confidential_instance_config": [],
            "cpu_platform": "Intel Cascade Lake",
            "current_status": "RUNNING",
            "deletion_protection": false,
            "description": "",
            "desired_status": null,
            "enable_display": false,
            "guest_accelerator": [],
            "hostname": "",
            "id": "projects/dm-convert/zones/us-east1-b/instances/vm-srv001-p-24bf",
            "instance_id": "5621811545878426499",
            "label_fingerprint": "42WmSpB8rSM=",
            "labels": null,
            "machine_type": "n2-standard-2",
            "metadata": {
              "ssh-keys": "kjs:ssh-rsa AAAAB3NzaC1yc2EAAAADAQABAAABAQCG5eGqVF+kRAycYbM2HbLBO+feCcKaLlb8sDGCNjHO0MLHpqkpvLbWzyjclpaLLjemMC7sl+EsQc332EXyASU/prh52idm4HaY8hAUmQEpHK7MSm2lUH/Vz6NZVapscnDpqkqXxeibt3sU2J8lbb4f4DBp+5GSQgMQpy+FID6MS3f/v9U+/rArVjlp0wGIIDh3VOqLufumvO8GRBBj2vJEIJWRBSbmTIVgMKpPzsa1HLfDqWp1Rfz2vgZN/1Tes7SX9YzzqeMJsA1Iv1xX7UXWYlNjGK/JXpaYPB7SKcWjXhmuPQSA66xLsEeNH1mgits4DBwkQdGzDy/90mK3tZz5 kjs@spectre\n"
            },
            "metadata_fingerprint": "gzzA9rpgrYw=",
            "metadata_startup_script": null,
            "min_cpu_platform": "",
            "name": "vm-srv001-p-24bf",
            "network_interface": [
              {
                "access_config": [
                  {
                    "nat_ip": "34.23.105.130",
                    "network_tier": "PREMIUM",
                    "public_ptr_domain_name": ""
                  }
                ],
                "alias_ip_range": [],
                "ipv6_access_config": [],
                "ipv6_access_type": "",
                "name": "nic0",
                "network": "https://www.googleapis.com/compute/v1/projects/dm-convert/global/networks/network-prod",
                "network_ip": "10.0.0.25",
                "nic_type": "",
                "queue_count": 0,
                "stack_type": "IPV4_ONLY",
                "subnetwork": "https://www.googleapis.com/compute/v1/projects/dm-convert/regions/us-east1/subnetworks/network-prod",
                "subnetwork_project": "dm-convert"
              }
            ],
            "network_performance_config": [],
            "params": [],
            "project": "dm-convert",
            "reservation_affinity": [],
            "resource_policies": null,
            "scheduling": [
              {
                "automatic_restart": true,
                "instance_termination_action": "",
                "local_ssd_recovery_timeout": [],
                "min_node_cpus": 0,
                "node_affinities": [],
                "on_host_maintenance": "MIGRATE",
                "preemptible": false,
                "provisioning_model": "STANDARD"
              }
            ],
            "scratch_disk": [],
            "self_link": "https://www.googleapis.com/compute/v1/projects/dm-convert/zones/us-east1-b/instances/vm-srv001-p-24bf",
            "service_account": [],
            "shielded_instance_config": [
              {
                "enable_integrity_monitoring": true,
                "enable_secure_boot": false,
                "enable_vtpm": true
              }
            ],
            "tags": null,
            "tags_fingerprint": "42WmSpB8rSM=",
            "timeouts": null,
            "zone": "us-east1-b"
          },
          "sensitive_attributes": [],
          "private": "eyJlMmJmYjczMC1lY2FhLTExZTYtOGY4OC0zNDM2M2JjN2M0YzAiOnsiY3JlYXRlIjoxMjAwMDAwMDAwMDAwLCJkZWxldGUiOjEyMDAwMDAwMDAwMDAsInVwZGF0ZSI6MTIwMDAwMDAwMDAwMH0sInNjaGVtYV92ZXJzaW9uIjoiNiJ9",
          "dependencies": [
            "random_password.root_password",
            "random_string.instance_name"
          ]
        }
      ]
    },
    {
      "mode": "managed",
      "type": "random_password",
      "name": "root_password",
      "provider": "provider[\"registry.terraform.io/hashicorp/random\"]",
      "instances": [
        {
          "schema_version": 3,
          "attributes": {
            "bcrypt_hash": "$2a$10$na7ZV6JzR3RYXd3RVu7sTerNUBLLYh78uyMpHqTc9sdZZRu20KEHq",
            "id": "none",
            "keepers": null,
            "length": 16,
            "lower": true,
            "min_lower": 0,
            "min_numeric": 0,
            "min_special": 0,
            "min_upper": 0,
            "number": true,
            "numeric": true,
            "override_special": null,
            "result": "737]]w(K58B(?Td)",
            "special": true,
            "upper": true
          },
          "sensitive_attributes": []
        }
      ]
    },
    {
      "mode": "managed",
      "type": "random_string",
      "name": "instance_name",
      "provider": "provider[\"registry.terraform.io/hashicorp/random\"]",
      "instances": [
        {
          "schema_version": 2,
          "attributes": {
            "id": "24bf",
            "keepers": null,
            "length": 4,
            "lower": true,
            "min_lower": 0,
            "min_numeric": 0,
            "min_special": 0,
            "min_upper": 0,
            "number": true,
            "numeric": true,
            "override_special": null,
            "result": "24bf",
            "special": false,
            "upper": false
          },
          "sensitive_attributes": []
        }
      ]
    }
  ],
  "check_results": null
}
